{
    "_readme": [
        "This file locks the dependencies of your project to a known state",
        "Read more about it at https://getcomposer.org/doc/01-basic-usage.md#installing-dependencies",
        "This file is @generated automatically"
    ],
    "content-hash": "9b9c2105ece37c04818f88be721d7a1c",
    "packages": [
        {
            "name": "clown/redis",
            "version": "1.0.0",
            "source": {
                "type": "git",
                "url": "https://github.com/Clownsushu/clownredis.git",
                "reference": "49ae580e7579ff933ffa6bc18dbcc059a0ffe40d"
            },
            "dist": {
                "type": "zip",
                "url": "https://api.github.com/repos/Clownsushu/clownredis/zipball/49ae580e7579ff933ffa6bc18dbcc059a0ffe40d",
                "reference": "49ae580e7579ff933ffa6bc18dbcc059a0ffe40d",
                "shasum": "",
                "mirrors": [
                    {
                        "url": "https://mirrors.aliyun.com/composer/dists/%package%/%reference%.%type%",
                        "preferred": true
                    }
                ]
            },
            "type": "library",
            "autoload": {
                "files": [],
                "psr-4": {
                    "clown\\redis\\": "src/"
                }
            },
            "notification-url": "https://packagist.org/downloads/",
            "license": [
                "MIT"
            ],
            "authors": [
                {
                    "name": "clown",
                    "email": "812827345@qq.com"
                }
            ],
            "description": "redis类",
            "support": {
                "issues": "https://github.com/Clownsushu/clownredis/issues",
                "source": "https://github.com/Clownsushu/clownredis/tree/v1.0.0"
            },
            "time": "2023-12-04T06:28:07+00:00"
        }
    ],
    "packages-dev": [],
    "aliases": [],
    "minimum-stability": "dev",
    "stability-flags": [],
    "prefer-stable": false,
    "prefer-lowest": false,
    "platform": [],
    "platform-dev": [],
    "plugin-api-version": "2.3.0"
}
